// !$*UTF8*$!
{
	archiveVersion = 1;
	classes = {
	};
	objectVersion = 46;
	objects = {

/* Begin PBXBuildFile section */
		2667E95B1577E5BE0028B0E2 /* UIKit.framework in Frameworks */ = {isa = PBXBuildFile; fileRef = 2667E95A1577E5BE0028B0E2 /* UIKit.framework */; };
		2667E95D1577E5BE0028B0E2 /* Foundation.framework in Frameworks */ = {isa = PBXBuildFile; fileRef = 2667E95C1577E5BE0028B0E2 /* Foundation.framework */; };
		2667E95F1577E5BE0028B0E2 /* CoreGraphics.framework in Frameworks */ = {isa = PBXBuildFile; fileRef = 2667E95E1577E5BE0028B0E2 /* CoreGraphics.framework */; };
		2667E9651577E5BE0028B0E2 /* InfoPlist.strings in Resources */ = {isa = PBXBuildFile; fileRef = 2667E9631577E5BE0028B0E2 /* InfoPlist.strings */; };
		2667E9671577E5BE0028B0E2 /* main.m in Sources */ = {isa = PBXBuildFile; fileRef = 2667E9661577E5BE0028B0E2 /* main.m */; };
		2667E96B1577E5BE0028B0E2 /* AppDelegate.m in Sources */ = {isa = PBXBuildFile; fileRef = 2667E96A1577E5BE0028B0E2 /* AppDelegate.m */; };
		2667E9731577E5BE0028B0E2 /* SenTestingKit.framework in Frameworks */ = {isa = PBXBuildFile; fileRef = 2667E9721577E5BE0028B0E2 /* SenTestingKit.framework */; };
		2667E9741577E5BE0028B0E2 /* UIKit.framework in Frameworks */ = {isa = PBXBuildFile; fileRef = 2667E95A1577E5BE0028B0E2 /* UIKit.framework */; };
		2667E9751577E5BE0028B0E2 /* Foundation.framework in Frameworks */ = {isa = PBXBuildFile; fileRef = 2667E95C1577E5BE0028B0E2 /* Foundation.framework */; };
		2667E97D1577E5BE0028B0E2 /* InfoPlist.strings in Resources */ = {isa = PBXBuildFile; fileRef = 2667E97B1577E5BE0028B0E2 /* InfoPlist.strings */; };
		2667E98A1577E5FD0028B0E2 /* MainStoryboard.storyboard in Resources */ = {isa = PBXBuildFile; fileRef = 2667E9891577E5FD0028B0E2 /* MainStoryboard.storyboard */; };
		2667E98D1577E62E0028B0E2 /* MainViewController.m in Sources */ = {isa = PBXBuildFile; fileRef = 2667E98C1577E62E0028B0E2 /* MainViewController.m */; };
		2667E98F1577E9800028B0E2 /* TODO.txt in Resources */ = {isa = PBXBuildFile; fileRef = 2667E98E1577E9800028B0E2 /* TODO.txt */; };
		2667E9911577ED990028B0E2 /* README.md in Resources */ = {isa = PBXBuildFile; fileRef = 2667E9901577ED990028B0E2 /* README.md */; };
/* End PBXBuildFile section */

/* Begin PBXContainerItemProxy section */
		2667E9761577E5BE0028B0E2 /* PBXContainerItemProxy */ = {
			isa = PBXContainerItemProxy;
			containerPortal = 2667E94D1577E5BD0028B0E2 /* Project object */;
			proxyType = 1;
			remoteGlobalIDString = 2667E9551577E5BE0028B0E2;
			remoteInfo = NoteMaker;
		};
/* End PBXContainerItemProxy section */

/* Begin PBXFileReference section */
		2667E9561577E5BE0028B0E2 /* NoteMaker.app */ = {isa = PBXFileReference; explicitFileType = wrapper.application; includeInIndex = 0; path = NoteMaker.app; sourceTree = BUILT_PRODUCTS_DIR; };
		2667E95A1577E5BE0028B0E2 /* UIKit.framework */ = {isa = PBXFileReference; lastKnownFileType = wrapper.framework; name = UIKit.framework; path = System/Library/Frameworks/UIKit.framework; sourceTree = SDKROOT; };
		2667E95C1577E5BE0028B0E2 /* Foundation.framework */ = {isa = PBXFileReference; lastKnownFileType = wrapper.framework; name = Foundation.framework; path = System/Library/Frameworks/Foundation.framework; sourceTree = SDKROOT; };
		2667E95E1577E5BE0028B0E2 /* CoreGraphics.framework */ = {isa = PBXFileReference; lastKnownFileType = wrapper.framework; name = CoreGraphics.framework; path = System/Library/Frameworks/CoreGraphics.framework; sourceTree = SDKROOT; };
		2667E9621577E5BE0028B0E2 /* NoteMaker-Info.plist */ = {isa = PBXFileReference; lastKnownFileType = text.plist.xml; path = "NoteMaker-Info.plist"; sourceTree = "<group>"; };
		2667E9641577E5BE0028B0E2 /* en */ = {isa = PBXFileReference; lastKnownFileType = text.plist.strings; name = en; path = en.lproj/InfoPlist.strings; sourceTree = "<group>"; };
		2667E9661577E5BE0028B0E2 /* main.m */ = {isa = PBXFileReference; lastKnownFileType = sourcecode.c.objc; path = main.m; sourceTree = "<group>"; };
		2667E9681577E5BE0028B0E2 /* NoteMaker-Prefix.pch */ = {isa = PBXFileReference; lastKnownFileType = sourcecode.c.h; path = "NoteMaker-Prefix.pch"; sourceTree = "<group>"; };
		2667E9691577E5BE0028B0E2 /* AppDelegate.h */ = {isa = PBXFileReference; lastKnownFileType = sourcecode.c.h; path = AppDelegate.h; sourceTree = "<group>"; };
		2667E96A1577E5BE0028B0E2 /* AppDelegate.m */ = {isa = PBXFileReference; lastKnownFileType = sourcecode.c.objc; path = AppDelegate.m; sourceTree = "<group>"; };
		2667E9711577E5BE0028B0E2 /* NoteMakerTests.octest */ = {isa = PBXFileReference; explicitFileType = wrapper.cfbundle; includeInIndex = 0; path = NoteMakerTests.octest; sourceTree = BUILT_PRODUCTS_DIR; };
		2667E9721577E5BE0028B0E2 /* SenTestingKit.framework */ = {isa = PBXFileReference; lastKnownFileType = wrapper.framework; name = SenTestingKit.framework; path = Library/Frameworks/SenTestingKit.framework; sourceTree = DEVELOPER_DIR; };
		2667E97A1577E5BE0028B0E2 /* NoteMakerTests-Info.plist */ = {isa = PBXFileReference; lastKnownFileType = text.plist.xml; path = "NoteMakerTests-Info.plist"; sourceTree = "<group>"; };
		2667E97C1577E5BE0028B0E2 /* en */ = {isa = PBXFileReference; lastKnownFileType = text.plist.strings; name = en; path = en.lproj/InfoPlist.strings; sourceTree = "<group>"; };
		2667E9891577E5FD0028B0E2 /* MainStoryboard.storyboard */ = {isa = PBXFileReference; fileEncoding = 4; lastKnownFileType = file.storyboard; path = MainStoryboard.storyboard; sourceTree = "<group>"; };
		2667E98B1577E62E0028B0E2 /* MainViewController.h */ = {isa = PBXFileReference; fileEncoding = 4; lastKnownFileType = sourcecode.c.h; path = MainViewController.h; sourceTree = "<group>"; };
		2667E98C1577E62E0028B0E2 /* MainViewController.m */ = {isa = PBXFileReference; fileEncoding = 4; lastKnownFileType = sourcecode.c.objc; path = MainViewController.m; sourceTree = "<group>"; };
		2667E98E1577E9800028B0E2 /* TODO.txt */ = {isa = PBXFileReference; fileEncoding = 4; lastKnownFileType = text; path = TODO.txt; sourceTree = "<group>"; };
		2667E9901577ED990028B0E2 /* README.md */ = {isa = PBXFileReference; fileEncoding = 4; lastKnownFileType = text; path = README.md; sourceTree = "<group>"; };
/* End PBXFileReference section */

/* Begin PBXFrameworksBuildPhase section */
		2667E9531577E5BE0028B0E2 /* Frameworks */ = {
			isa = PBXFrameworksBuildPhase;
			buildActionMask = 2147483647;
			files = (
				2667E95B1577E5BE0028B0E2 /* UIKit.framework in Frameworks */,
				2667E95D1577E5BE0028B0E2 /* Foundation.framework in Frameworks */,
				2667E95F1577E5BE0028B0E2 /* CoreGraphics.framework in Frameworks */,
			);
			runOnlyForDeploymentPostprocessing = 0;
		};
		2667E96D1577E5BE0028B0E2 /* Frameworks */ = {
			isa = PBXFrameworksBuildPhase;
			buildActionMask = 2147483647;
			files = (
				2667E9731577E5BE0028B0E2 /* SenTestingKit.framework in Frameworks */,
				2667E9741577E5BE0028B0E2 /* UIKit.framework in Frameworks */,
				2667E9751577E5BE0028B0E2 /* Foundation.framework in Frameworks */,
			);
			runOnlyForDeploymentPostprocessing = 0;
		};
/* End PBXFrameworksBuildPhase section */

/* Begin PBXGroup section */
		2667E94B1577E5BD0028B0E2 = {
			isa = PBXGroup;
			children = (
				2667E9901577ED990028B0E2 /* README.md */,
				2667E98E1577E9800028B0E2 /* TODO.txt */,
				2667E9601577E5BE0028B0E2 /* NoteMaker */,
				2667E9781577E5BE0028B0E2 /* NoteMakerTests */,
				2667E9591577E5BE0028B0E2 /* Frameworks */,
				2667E9571577E5BE0028B0E2 /* Products */,
			);
			sourceTree = "<group>";
		};
		2667E9571577E5BE0028B0E2 /* Products */ = {
			isa = PBXGroup;
			children = (
				2667E9561577E5BE0028B0E2 /* NoteMaker.app */,
				2667E9711577E5BE0028B0E2 /* NoteMakerTests.octest */,
			);
			name = Products;
			sourceTree = "<group>";
		};
		2667E9591577E5BE0028B0E2 /* Frameworks */ = {
			isa = PBXGroup;
			children = (
				2667E95A1577E5BE0028B0E2 /* UIKit.framework */,
				2667E95C1577E5BE0028B0E2 /* Foundation.framework */,
				2667E95E1577E5BE0028B0E2 /* CoreGraphics.framework */,
				2667E9721577E5BE0028B0E2 /* SenTestingKit.framework */,
			);
			name = Frameworks;
			sourceTree = "<group>";
		};
		2667E9601577E5BE0028B0E2 /* NoteMaker */ = {
			isa = PBXGroup;
			children = (
				2667E9611577E5BE0028B0E2 /* Supporting Files */,
				2667E9691577E5BE0028B0E2 /* AppDelegate.h */,
				2667E96A1577E5BE0028B0E2 /* AppDelegate.m */,
				2667E9891577E5FD0028B0E2 /* MainStoryboard.storyboard */,
				2667E98B1577E62E0028B0E2 /* MainViewController.h */,
				2667E98C1577E62E0028B0E2 /* MainViewController.m */,
			);
			path = NoteMaker;
			sourceTree = "<group>";
		};
		2667E9611577E5BE0028B0E2 /* Supporting Files */ = {
			isa = PBXGroup;
			children = (
				2667E9621577E5BE0028B0E2 /* NoteMaker-Info.plist */,
				2667E9631577E5BE0028B0E2 /* InfoPlist.strings */,
				2667E9661577E5BE0028B0E2 /* main.m */,
				2667E9681577E5BE0028B0E2 /* NoteMaker-Prefix.pch */,
			);
			name = "Supporting Files";
			sourceTree = "<group>";
		};
		2667E9781577E5BE0028B0E2 /* NoteMakerTests */ = {
			isa = PBXGroup;
			children = (
				2667E9791577E5BE0028B0E2 /* Supporting Files */,
			);
			path = NoteMakerTests;
			sourceTree = "<group>";
		};
		2667E9791577E5BE0028B0E2 /* Supporting Files */ = {
			isa = PBXGroup;
			children = (
				2667E97A1577E5BE0028B0E2 /* NoteMakerTests-Info.plist */,
				2667E97B1577E5BE0028B0E2 /* InfoPlist.strings */,
			);
			name = "Supporting Files";
			sourceTree = "<group>";
		};
/* End PBXGroup section */

/* Begin PBXNativeTarget section */
		2667E9551577E5BE0028B0E2 /* NoteMaker */ = {
			isa = PBXNativeTarget;
			buildConfigurationList = 2667E9831577E5BE0028B0E2 /* Build configuration list for PBXNativeTarget "NoteMaker" */;
			buildPhases = (
				2667E9521577E5BE0028B0E2 /* Sources */,
				2667E9531577E5BE0028B0E2 /* Frameworks */,
				2667E9541577E5BE0028B0E2 /* Resources */,
			);
			buildRules = (
			);
			dependencies = (
			);
			name = NoteMaker;
			productName = NoteMaker;
			productReference = 2667E9561577E5BE0028B0E2 /* NoteMaker.app */;
			productType = "com.apple.product-type.application";
		};
		2667E9701577E5BE0028B0E2 /* NoteMakerTests */ = {
			isa = PBXNativeTarget;
			buildConfigurationList = 2667E9861577E5BE0028B0E2 /* Build configuration list for PBXNativeTarget "NoteMakerTests" */;
			buildPhases = (
				2667E96C1577E5BE0028B0E2 /* Sources */,
				2667E96D1577E5BE0028B0E2 /* Frameworks */,
				2667E96E1577E5BE0028B0E2 /* Resources */,
				2667E96F1577E5BE0028B0E2 /* ShellScript */,
			);
			buildRules = (
			);
			dependencies = (
				2667E9771577E5BE0028B0E2 /* PBXTargetDependency */,
			);
			name = NoteMakerTests;
			productName = NoteMakerTests;
			productReference = 2667E9711577E5BE0028B0E2 /* NoteMakerTests.octest */;
			productType = "com.apple.product-type.bundle";
		};
/* End PBXNativeTarget section */

/* Begin PBXProject section */
		2667E94D1577E5BD0028B0E2 /* Project object */ = {
			isa = PBXProject;
			attributes = {
				LastUpgradeCheck = 0430;
			};
			buildConfigurationList = 2667E9501577E5BD0028B0E2 /* Build configuration list for PBXProject "NoteMaker" */;
			compatibilityVersion = "Xcode 3.2";
			developmentRegion = English;
			hasScannedForEncodings = 0;
			knownRegions = (
				en,
			);
			mainGroup = 2667E94B1577E5BD0028B0E2;
			productRefGroup = 2667E9571577E5BE0028B0E2 /* Products */;
			projectDirPath = "";
			projectRoot = "";
			targets = (
				2667E9551577E5BE0028B0E2 /* NoteMaker */,
				2667E9701577E5BE0028B0E2 /* NoteMakerTests */,
			);
		};
/* End PBXProject section */

/* Begin PBXResourcesBuildPhase section */
		2667E9541577E5BE0028B0E2 /* Resources */ = {
			isa = PBXResourcesBuildPhase;
			buildActionMask = 2147483647;
			files = (
				2667E9651577E5BE0028B0E2 /* InfoPlist.strings in Resources */,
				2667E98A1577E5FD0028B0E2 /* MainStoryboard.storyboard in Resources */,
				2667E98F1577E9800028B0E2 /* TODO.txt in Resources */,
				2667E9911577ED990028B0E2 /* README.md in Resources */,
			);
			runOnlyForDeploymentPostprocessing = 0;
		};
		2667E96E1577E5BE0028B0E2 /* Resources */ = {
			isa = PBXResourcesBuildPhase;
			buildActionMask = 2147483647;
			files = (
				2667E97D1577E5BE0028B0E2 /* InfoPlist.strings in Resources */,
			);
			runOnlyForDeploymentPostprocessing = 0;
		};
/* End PBXResourcesBuildPhase section */

/* Begin PBXShellScriptBuildPhase section */
		2667E96F1577E5BE0028B0E2 /* ShellScript */ = {
			isa = PBXShellScriptBuildPhase;
			buildActionMask = 2147483647;
			files = (
			);
			inputPaths = (
			);
			outputPaths = (
			);
			runOnlyForDeploymentPostprocessing = 0;
			shellPath = /bin/sh;
			shellScript = "# Run the unit tests in this test bundle.\n\"${SYSTEM_DEVELOPER_DIR}/Tools/RunUnitTests\"\n";
		};
/* End PBXShellScriptBuildPhase section */

/* Begin PBXSourcesBuildPhase section */
		2667E9521577E5BE0028B0E2 /* Sources */ = {
			isa = PBXSourcesBuildPhase;
			buildActionMask = 2147483647;
			files = (
				2667E9671577E5BE0028B0E2 /* main.m in Sources */,
				2667E96B1577E5BE0028B0E2 /* AppDelegate.m in Sources */,
				2667E98D1577E62E0028B0E2 /* MainViewController.m in Sources */,
			);
			runOnlyForDeploymentPostprocessing = 0;
		};
		2667E96C1577E5BE0028B0E2 /* Sources */ = {
			isa = PBXSourcesBuildPhase;
			buildActionMask = 2147483647;
			files = (
			);
			runOnlyForDeploymentPostprocessing = 0;
		};
/* End PBXSourcesBuildPhase section */

/* Begin PBXTargetDependency section */
		2667E9771577E5BE0028B0E2 /* PBXTargetDependency */ = {
			isa = PBXTargetDependency;
			target = 2667E9551577E5BE0028B0E2 /* NoteMaker */;
			targetProxy = 2667E9761577E5BE0028B0E2 /* PBXContainerItemProxy */;
		};
/* End PBXTargetDependency section */

/* Begin PBXVariantGroup section */
		2667E9631577E5BE0028B0E2 /* InfoPlist.strings */ = {
			isa = PBXVariantGroup;
			children = (
				2667E9641577E5BE0028B0E2 /* en */,
			);
			name = InfoPlist.strings;
			sourceTree = "<group>";
		};
		2667E97B1577E5BE0028B0E2 /* InfoPlist.strings */ = {
			isa = PBXVariantGroup;
			children = (
				2667E97C1577E5BE0028B0E2 /* en */,
			);
			name = InfoPlist.strings;
			sourceTree = "<group>";
		};
/* End PBXVariantGroup section */

/* Begin XCBuildConfiguration section */
		2667E9811577E5BE0028B0E2 /* Debug */ = {
			isa = XCBuildConfiguration;
			buildSettings = {
				ALWAYS_SEARCH_USER_PATHS = NO;
				ARCHS = "$(ARCHS_STANDARD_32_BIT)";
				CLANG_ENABLE_OBJC_ARC = YES;
				"CODE_SIGN_IDENTITY[sdk=iphoneos*]" = "iPhone Developer";
				COPY_PHASE_STRIP = NO;
				GCC_C_LANGUAGE_STANDARD = gnu99;
				GCC_DYNAMIC_NO_PIC = NO;
				GCC_OPTIMIZATION_LEVEL = 0;
				GCC_PREPROCESSOR_DEFINITIONS = (
					"DEBUG=1",
					"$(inherited)",
				);
				GCC_SYMBOLS_PRIVATE_EXTERN = NO;
				GCC_VERSION = com.apple.compilers.llvm.clang.1_0;
				GCC_WARN_ABOUT_RETURN_TYPE = YES;
				GCC_WARN_UNINITIALIZED_AUTOS = YES;
				GCC_WARN_UNUSED_VARIABLE = YES;
				IPHONEOS_DEPLOYMENT_TARGET = 5.1;
				SDKROOT = iphoneos;
				TARGETED_DEVICE_FAMILY = 2;
			};
			name = Debug;
		};
		2667E9821577E5BE0028B0E2 /* Release */ = {
			isa = XCBuildConfiguration;
			buildSettings = {
				ALWAYS_SEARCH_USER_PATHS = NO;
				ARCHS = "$(ARCHS_STANDARD_32_BIT)";
				CLANG_ENABLE_OBJC_ARC = YES;
				"CODE_SIGN_IDENTITY[sdk=iphoneos*]" = "iPhone Developer";
				COPY_PHASE_STRIP = YES;
				GCC_C_LANGUAGE_STANDARD = gnu99;
				GCC_VERSION = com.apple.compilers.llvm.clang.1_0;
				GCC_WARN_ABOUT_RETURN_TYPE = YES;
				GCC_WARN_UNINITIALIZED_AUTOS = YES;
				GCC_WARN_UNUSED_VARIABLE = YES;
				IPHONEOS_DEPLOYMENT_TARGET = 5.1;
				OTHER_CFLAGS = "-DNS_BLOCK_ASSERTIONS=1";
				SDKROOT = iphoneos;
				TARGETED_DEVICE_FAMILY = 2;
				VALIDATE_PRODUCT = YES;
			};
			name = Release;
		};
		2667E9841577E5BE0028B0E2 /* Debug */ = {
			isa = XCBuildConfiguration;
			buildSettings = {
				GCC_PRECOMPILE_PREFIX_HEADER = YES;
				GCC_PREFIX_HEADER = "NoteMaker/NoteMaker-Prefix.pch";
				INFOPLIST_FILE = "NoteMaker/NoteMaker-Info.plist";
				PRODUCT_NAME = "$(TARGET_NAME)";
				WRAPPER_EXTENSION = app;
			};
			name = Debug;
		};
		2667E9851577E5BE0028B0E2 /* Release */ = {
			isa = XCBuildConfiguration;
			buildSettings = {
				GCC_PRECOMPILE_PREFIX_HEADER = YES;
				GCC_PREFIX_HEADER = "NoteMaker/NoteMaker-Prefix.pch";
				INFOPLIST_FILE = "NoteMaker/NoteMaker-Info.plist";
				PRODUCT_NAME = "$(TARGET_NAME)";
				WRAPPER_EXTENSION = app;
			};
			name = Release;
		};
		2667E9871577E5BE0028B0E2 /* Debug */ = {
			isa = XCBuildConfiguration;
			buildSettings = {
				BUNDLE_LOADER = "$(BUILT_PRODUCTS_DIR)/NoteMaker.app/NoteMaker";
				FRAMEWORK_SEARCH_PATHS = (
					"$(SDKROOT)/Developer/Library/Frameworks",
					"$(DEVELOPER_LIBRARY_DIR)/Frameworks",
				);
				GCC_PRECOMPILE_PREFIX_HEADER = YES;
				GCC_PREFIX_HEADER = "NoteMaker/NoteMaker-Prefix.pch";
				INFOPLIST_FILE = "NoteMakerTests/NoteMakerTests-Info.plist";
				PRODUCT_NAME = "$(TARGET_NAME)";
				TEST_HOST = "$(BUNDLE_LOADER)";
				WRAPPER_EXTENSION = octest;
			};
			name = Debug;
		};
		2667E9881577E5BE0028B0E2 /* Release */ = {
			isa = XCBuildConfiguration;
			buildSettings = {
				BUNDLE_LOADER = "$(BUILT_PRODUCTS_DIR)/NoteMaker.app/NoteMaker";
				FRAMEWORK_SEARCH_PATHS = (
					"$(SDKROOT)/Developer/Library/Frameworks",
					"$(DEVELOPER_LIBRARY_DIR)/Frameworks",
				);
				GCC_PRECOMPILE_PREFIX_HEADER = YES;
				GCC_PREFIX_HEADER = "NoteMaker/NoteMaker-Prefix.pch";
				INFOPLIST_FILE = "NoteMakerTests/NoteMakerTests-Info.plist";
				PRODUCT_NAME = "$(TARGET_NAME)";
				TEST_HOST = "$(BUNDLE_LOADER)";
				WRAPPER_EXTENSION = octest;
			};
			name = Release;
		};
/* End XCBuildConfiguration section */

/* Begin XCConfigurationList section */
		2667E9501577E5BD0028B0E2 /* Build configuration list for PBXProject "NoteMaker" */ = {
			isa = XCConfigurationList;
			buildConfigurations = (
				2667E9811577E5BE0028B0E2 /* Debug */,
				2667E9821577E5BE0028B0E2 /* Release */,
			);
			defaultConfigurationIsVisible = 0;
			defaultConfigurationName = Release;
		};
		2667E9831577E5BE0028B0E2 /* Build configuration list for PBXNativeTarget "NoteMaker" */ = {
			isa = XCConfigurationList;
			buildConfigurations = (
				2667E9841577E5BE0028B0E2 /* Debug */,
				2667E9851577E5BE0028B0E2 /* Release */,
			);
			defaultConfigurationIsVisible = 0;
		};
		2667E9861577E5BE0028B0E2 /* Build configuration list for PBXNativeTarget "NoteMakerTests" */ = {
			isa = XCConfigurationList;
			buildConfigurations = (
				2667E9871577E5BE0028B0E2 /* Debug */,
				2667E9881577E5BE0028B0E2 /* Release */,
			);
			defaultConfigurationIsVisible = 0;
		};
/* End XCConfigurationList section */
	};
	rootObject = 2667E94D1577E5BD0028B0E2 /* Project object */;
}
